
Microsoft Visual Studio Solution File, Format Version 12.00
# Visual Studio Version 16
VisualStudioVersion = 16.0.32929.386
MinimumVisualStudioVersion = 10.0.40219.1
Project("{FAE04EC0-301F-11D3-BF4B-00C04F79EFBC}") = "dotnet-core-complete-tuttorial", "dotnet-core-complete-tuttorial\dotnet-core-complete-tuttorial.csproj", "{C99C525A-F81A-4B9B-A3D5-281A2ECD7984}"
EndProject
Global
	GlobalSection(SolutionConfigurationPlatforms) = preSolution
		Debug|Any CPU = Debug|Any CPU
		Release|Any CPU = Release|Any CPU
	EndGlobalSection
	GlobalSection(ProjectConfigurationPlatforms) = postSolution
		{C99C525A-F81A-4B9B-A3D5-281A2ECD7984}.Debug|Any CPU.ActiveCfg = Debug|Any CPU
		{C99C525A-F81A-4B9B-A3D5-281A2ECD7984}.Debug|Any CPU.Build.0 = Debug|Any CPU
		{C99C525A-F81A-4B9B-A3D5-281A2ECD7984}.Release|Any CPU.ActiveCfg = Release|Any CPU
		{C99C525A-F81A-4B9B-A3D5-281A2ECD7984}.Release|Any CPU.Build.0 = Release|Any CPU
	EndGlobalSection
	GlobalSection(SolutionProperties) = preSolution
		HideSolutionNode = FALSE
	EndGlobalSection
	GlobalSection(ExtensibilityGlobals) = postSolution
		SolutionGuid = {8C3685E4-007E-4422-BFB7-F2DF0C3BDCD3}
	EndGlobalSection
EndGlobal
